
Microsoft Visual Studio Solution File, Format Version 12.00
# Visual Studio Version 17
VisualStudioVersion = 17.13.35931.197
MinimumVisualStudioVersion = 10.0.40219.1
Project("{2150E333-8FDC-42A3-9474-1A3956D46DE8}") = "Core", "Core", "{02EA681E-C7D8-13C7-8484-4AC65E1B71E8}"
EndProject
Project("{FAE04EC0-301F-11D3-BF4B-00C04F79EFBC}") = "CarBook.Domain", "Core\CarBookDomain\CarBook.Domain.csproj", "{6BF55CA2-EA6E-4EC8-B06F-B2734D2AB49B}"
EndProject
Project("{2150E333-8FDC-42A3-9474-1A3956D46DE8}") = "Infrasttructure", "Infrasttructure", "{8ED9300C-7529-4E91-8A8C-15B18999838A}"
EndProject
Project("{FAE04EC0-301F-11D3-BF4B-00C04F79EFBC}") = "CarBookPersistence", "CarBookPersistence\CarBookPersistence.csproj", "{4781F96B-0749-4C2F-9794-6569B0B1A4C8}"
EndProject
Project("{2150E333-8FDC-42A3-9474-1A3956D46DE8}") = "Presentation", "Presentation", "{C00646E2-56E5-4FC5-96B2-E9E7F1A8AD56}"
EndProject
Project("{FAE04EC0-301F-11D3-BF4B-00C04F79EFBC}") = "CarBook.WebApi", "CarBook.WebApi\CarBook.WebApi.csproj", "{8E70FAFC-804E-400E-BCBC-E061F437D513}"
EndProject
Project("{FAE04EC0-301F-11D3-BF4B-00C04F79EFBC}") = "CarBook.Application", "CarBook.Application\CarBook.Application.csproj", "{742638D8-94A0-4BE0-8FB1-42CA7A27731E}"
EndProject
Project("{2150E333-8FDC-42A3-9474-1A3956D46DE8}") = "Frontends", "Frontends", "{170B83BA-3AAB-4D0A-A736-8F3F3F05A296}"
EndProject
Project("{FAE04EC0-301F-11D3-BF4B-00C04F79EFBC}") = "CarBook.WebUI", "Frontends\CarBook.WebUI\CarBook.WebUI.csproj", "{4E7B5942-1F6E-4FF6-BD33-701E8E12B48A}"
EndProject
Project("{FAE04EC0-301F-11D3-BF4B-00C04F79EFBC}") = "CarBook.Dto", "Frontends\CarBook.Dto\CarBook.Dto.csproj", "{0521EB99-263D-4666-9B51-A364D791B6A6}"
EndProject
Global
	GlobalSection(SolutionConfigurationPlatforms) = preSolution
		Debug|Any CPU = Debug|Any CPU
		Release|Any CPU = Release|Any CPU
	EndGlobalSection
	GlobalSection(ProjectConfigurationPlatforms) = postSolution
		{6BF55CA2-EA6E-4EC8-B06F-B2734D2AB49B}.Debug|Any CPU.ActiveCfg = Debug|Any CPU
		{6BF55CA2-EA6E-4EC8-B06F-B2734D2AB49B}.Debug|Any CPU.Build.0 = Debug|Any CPU
		{6BF55CA2-EA6E-4EC8-B06F-B2734D2AB49B}.Release|Any CPU.ActiveCfg = Release|Any CPU
		{6BF55CA2-EA6E-4EC8-B06F-B2734D2AB49B}.Release|Any CPU.Build.0 = Release|Any CPU
		{4781F96B-0749-4C2F-9794-6569B0B1A4C8}.Debug|Any CPU.ActiveCfg = Debug|Any CPU
		{4781F96B-0749-4C2F-9794-6569B0B1A4C8}.Debug|Any CPU.Build.0 = Debug|Any CPU
		{4781F96B-0749-4C2F-9794-6569B0B1A4C8}.Release|Any CPU.ActiveCfg = Release|Any CPU
		{4781F96B-0749-4C2F-9794-6569B0B1A4C8}.Release|Any CPU.Build.0 = Release|Any CPU
		{8E70FAFC-804E-400E-BCBC-E061F437D513}.Debug|Any CPU.ActiveCfg = Debug|Any CPU
		{8E70FAFC-804E-400E-BCBC-E061F437D513}.Debug|Any CPU.Build.0 = Debug|Any CPU
		{8E70FAFC-804E-400E-BCBC-E061F437D513}.Release|Any CPU.ActiveCfg = Release|Any CPU
		{8E70FAFC-804E-400E-BCBC-E061F437D513}.Release|Any CPU.Build.0 = Release|Any CPU
		{742638D8-94A0-4BE0-8FB1-42CA7A27731E}.Debug|Any CPU.ActiveCfg = Debug|Any CPU
		{742638D8-94A0-4BE0-8FB1-42CA7A27731E}.Debug|Any CPU.Build.0 = Debug|Any CPU
		{742638D8-94A0-4BE0-8FB1-42CA7A27731E}.Release|Any CPU.ActiveCfg = Release|Any CPU
		{742638D8-94A0-4BE0-8FB1-42CA7A27731E}.Release|Any CPU.Build.0 = Release|Any CPU
		{4E7B5942-1F6E-4FF6-BD33-701E8E12B48A}.Debug|Any CPU.ActiveCfg = Debug|Any CPU
		{4E7B5942-1F6E-4FF6-BD33-701E8E12B48A}.Debug|Any CPU.Build.0 = Debug|Any CPU
		{4E7B5942-1F6E-4FF6-BD33-701E8E12B48A}.Release|Any CPU.ActiveCfg = Release|Any CPU
		{4E7B5942-1F6E-4FF6-BD33-701E8E12B48A}.Release|Any CPU.Build.0 = Release|Any CPU
		{0521EB99-263D-4666-9B51-A364D791B6A6}.Debug|Any CPU.ActiveCfg = Debug|Any CPU
		{0521EB99-263D-4666-9B51-A364D791B6A6}.Debug|Any CPU.Build.0 = Debug|Any CPU
		{0521EB99-263D-4666-9B51-A364D791B6A6}.Release|Any CPU.ActiveCfg = Release|Any CPU
		{0521EB99-263D-4666-9B51-A364D791B6A6}.Release|Any CPU.Build.0 = Release|Any CPU
	EndGlobalSection
	GlobalSection(SolutionProperties) = preSolution
		HideSolutionNode = FALSE
	EndGlobalSection
	GlobalSection(NestedProjects) = preSolution
		{6BF55CA2-EA6E-4EC8-B06F-B2734D2AB49B} = {02EA681E-C7D8-13C7-8484-4AC65E1B71E8}
		{4781F96B-0749-4C2F-9794-6569B0B1A4C8} = {8ED9300C-7529-4E91-8A8C-15B18999838A}
		{8E70FAFC-804E-400E-BCBC-E061F437D513} = {C00646E2-56E5-4FC5-96B2-E9E7F1A8AD56}
		{742638D8-94A0-4BE0-8FB1-42CA7A27731E} = {02EA681E-C7D8-13C7-8484-4AC65E1B71E8}
		{4E7B5942-1F6E-4FF6-BD33-701E8E12B48A} = {170B83BA-3AAB-4D0A-A736-8F3F3F05A296}
		{0521EB99-263D-4666-9B51-A364D791B6A6} = {170B83BA-3AAB-4D0A-A736-8F3F3F05A296}
	EndGlobalSection
	GlobalSection(ExtensibilityGlobals) = postSolution
		SolutionGuid = {63D6E9C2-9438-46F0-96A1-2BFC52D906DF}
	EndGlobalSection
EndGlobal
